# Generated by buf. DO NOT EDIT.
version: v1
deps:
  - remote: buf.build
    owner: googleapis
    repository: googleapis
    branch: main
    commit: 72d4503a7af946d993efa8be0092257a
    digest: b1-X0POr_WDVsOVVISEfky6E8k46yPBmFOXzCmh4bEQiOU=
    create_time: 2021-08-24T15:07:04.729746Z
  - remote: buf.build
    owner: grpc-ecosystem
    repository: grpc-gateway
    branch: main
    commit: d1922677830c448eb65ec590f3abc734
    digest: b1-zmmsl0XlsSF4_BhZe7w9NMdImBCRtMSn68rmn9H1faQ=
    create_time: 2021-08-17T02:45:07.151993Z
